
Microsoft Visual Studio Solution File, Format Version 12.00
# Visual Studio Version 17
VisualStudioVersion = 17.3.32929.385
MinimumVisualStudioVersion = 10.0.40219.1
Project("{FAE04EC0-301F-11D3-BF4B-00C04F79EFBC}") = "ApiServer", "ApiServer\ApiServer.csproj", "{BF3BA1DB-8637-4056-A1BE-907D37C1A1EC}"
EndProject
Project("{9A19103F-16F7-4668-BE54-9A1E7A4F7556}") = "Logging", "Logging\Logging.csproj", "{C1D5F534-BE68-4D3A-8B66-D4A422DB2AC0}"
EndProject
Global
	GlobalSection(SolutionConfigurationPlatforms) = preSolution
		Debug|Any CPU = Debug|Any CPU
		Release|Any CPU = Release|Any CPU
	EndGlobalSection
	GlobalSection(ProjectConfigurationPlatforms) = postSolution
		{BF3BA1DB-8637-4056-A1BE-907D37C1A1EC}.Debug|Any CPU.ActiveCfg = Debug|Any CPU
		{BF3BA1DB-8637-4056-A1BE-907D37C1A1EC}.Debug|Any CPU.Build.0 = Debug|Any CPU
		{BF3BA1DB-8637-4056-A1BE-907D37C1A1EC}.Release|Any CPU.ActiveCfg = Release|Any CPU
		{BF3BA1DB-8637-4056-A1BE-907D37C1A1EC}.Release|Any CPU.Build.0 = Release|Any CPU
		{C1D5F534-BE68-4D3A-8B66-D4A422DB2AC0}.Debug|Any CPU.ActiveCfg = Debug|Any CPU
		{C1D5F534-BE68-4D3A-8B66-D4A422DB2AC0}.Debug|Any CPU.Build.0 = Debug|Any CPU
		{C1D5F534-BE68-4D3A-8B66-D4A422DB2AC0}.Release|Any CPU.ActiveCfg = Release|Any CPU
		{C1D5F534-BE68-4D3A-8B66-D4A422DB2AC0}.Release|Any CPU.Build.0 = Release|Any CPU
	EndGlobalSection
	GlobalSection(SolutionProperties) = preSolution
		HideSolutionNode = FALSE
	EndGlobalSection
	GlobalSection(ExtensibilityGlobals) = postSolution
		SolutionGuid = {A3D3C9E2-B985-44D5-B958-4EF6692ED907}
	EndGlobalSection
EndGlobal
